
Microsoft Visual Studio Solution File, Format Version 12.00
# Visual Studio Version 17
VisualStudioVersion = 17.5.002.0
MinimumVisualStudioVersion = 10.0.40219.1
Project("{9A19103F-16F7-4668-BE54-9A1E7A4F7556}") = "task35", "task35\task35.csproj", "{35D13AA9-817D-4ECD-9CED-0855A08D2821}"
EndProject
Global
	GlobalSection(SolutionConfigurationPlatforms) = preSolution
		Debug|Any CPU = Debug|Any CPU
		Release|Any CPU = Release|Any CPU
	EndGlobalSection
	GlobalSection(ProjectConfigurationPlatforms) = postSolution
		{35D13AA9-817D-4ECD-9CED-0855A08D2821}.Debug|Any CPU.ActiveCfg = Debug|Any CPU
		{35D13AA9-817D-4ECD-9CED-0855A08D2821}.Debug|Any CPU.Build.0 = Debug|Any CPU
		{35D13AA9-817D-4ECD-9CED-0855A08D2821}.Release|Any CPU.ActiveCfg = Release|Any CPU
		{35D13AA9-817D-4ECD-9CED-0855A08D2821}.Release|Any CPU.Build.0 = Release|Any CPU
	EndGlobalSection
	GlobalSection(SolutionProperties) = preSolution
		HideSolutionNode = FALSE
	EndGlobalSection
	GlobalSection(ExtensibilityGlobals) = postSolution
		SolutionGuid = {09B36CB8-EDE8-48DE-9E70-327C9816794A}
	EndGlobalSection
EndGlobal
